{
    "_meta": {
        "hash": {
            "sha256": "f04f0feeb10313d6f15e591ec6cb36b3e150905f0d14059250a9a1f4e1286ad4"
        },
        "pipfile-spec": 6,
        "requires": {
            "python_version": "3.7"
        },
        "sources": [
            {
                "name": "pypi",
                "url": "https://pypi.org/simple",
                "verify_ssl": true
            }
        ]
    },
    "default": {
        "asyncio-nats-client": {
            "hashes": [
                "sha256:12ac47284b20bd0359ee9579972892c8d8a08d23c2bbcf6f637b6f2feff3aa4d",
                "sha256:5bcdd04576cdd5cc0f277bd9a8868a58e228d824427f49da4e04c784d2ef1d1b"
            ],
            "index": "pypi",
            "version": "==0.8.2"
        }
    },
    "develop": {}
}
